
Microsoft Visual Studio Solution File, Format Version 12.00
# Visual Studio 15
VisualStudioVersion = 15.0.28010.2041
MinimumVisualStudioVersion = 10.0.40219.1
Project("{FAE04EC0-301F-11D3-BF4B-00C04F79EFBC}") = "OpenRAMissionGen", "OpenRAMissionGen\OpenRAMissionGen.csproj", "{26248B6B-DF09-4974-A031-AF6834ABD5BF}"
EndProject
Project("{FAE04EC0-301F-11D3-BF4B-00C04F79EFBC}") = "OpenRAMissionGenConsole", "OpenRAMissionGenConsole\OpenRAMissionGenConsole.csproj", "{409EAA76-FFC3-4165-8174-606A46BDD26F}"
EndProject
Global
	GlobalSection(SolutionConfigurationPlatforms) = preSolution
		Debug|Any CPU = Debug|Any CPU
		Release|Any CPU = Release|Any CPU
	EndGlobalSection
	GlobalSection(ProjectConfigurationPlatforms) = postSolution
		{26248B6B-DF09-4974-A031-AF6834ABD5BF}.Debug|Any CPU.ActiveCfg = Debug|Any CPU
		{26248B6B-DF09-4974-A031-AF6834ABD5BF}.Debug|Any CPU.Build.0 = Debug|Any CPU
		{26248B6B-DF09-4974-A031-AF6834ABD5BF}.Release|Any CPU.ActiveCfg = Release|Any CPU
		{26248B6B-DF09-4974-A031-AF6834ABD5BF}.Release|Any CPU.Build.0 = Release|Any CPU
		{409EAA76-FFC3-4165-8174-606A46BDD26F}.Debug|Any CPU.ActiveCfg = Debug|Any CPU
		{409EAA76-FFC3-4165-8174-606A46BDD26F}.Debug|Any CPU.Build.0 = Debug|Any CPU
		{409EAA76-FFC3-4165-8174-606A46BDD26F}.Release|Any CPU.ActiveCfg = Release|Any CPU
		{409EAA76-FFC3-4165-8174-606A46BDD26F}.Release|Any CPU.Build.0 = Release|Any CPU
	EndGlobalSection
	GlobalSection(SolutionProperties) = preSolution
		HideSolutionNode = FALSE
	EndGlobalSection
	GlobalSection(ExtensibilityGlobals) = postSolution
		SolutionGuid = {20B2AD84-D607-431E-AB0F-5DCD2010634D}
	EndGlobalSection
EndGlobal
